// !$*UTF8*$!
{
	archiveVersion = 1;
	classes = {
	};
	objectVersion = 77;
	objects = {

/* Begin PBXContainerItemProxy section */
		975D9F452EC402C300F14220 /* PBXContainerItemProxy */ = {
			isa = PBXContainerItemProxy;
			containerPortal = 975D9F2D2EC402C200F14220 /* Project object */;
			proxyType = 1;
			remoteGlobalIDString = 975D9F342EC402C200F14220;
			remoteInfo = SimpleCalorie;
		};
		975D9F4F2EC402C300F14220 /* PBXContainerItemProxy */ = {
			isa = PBXContainerItemProxy;
			containerPortal = 975D9F2D2EC402C200F14220 /* Project object */;
			proxyType = 1;
			remoteGlobalIDString = 975D9F342EC402C200F14220;
			remoteInfo = SimpleCalorie;
		};
/* End PBXContainerItemProxy section */

/* Begin PBXFileReference section */
		975D9F352EC402C200F14220 /* SimpleCalorie.app */ = {isa = PBXFileReference; explicitFileType = wrapper.application; includeInIndex = 0; path = SimpleCalorie.app; sourceTree = BUILT_PRODUCTS_DIR; };
		975D9F442EC402C300F14220 /* SimpleCalorieTests.xctest */ = {isa = PBXFileReference; explicitFileType = wrapper.cfbundle; includeInIndex = 0; path = SimpleCalorieTests.xctest; sourceTree = BUILT_PRODUCTS_DIR; };
		975D9F4E2EC402C300F14220 /* SimpleCalorieUITests.xctest */ = {isa = PBXFileReference; explicitFileType = wrapper.cfbundle; includeInIndex = 0; path = SimpleCalorieUITests.xctest; sourceTree = BUILT_PRODUCTS_DIR; };
		97A6B8E02ED0D30800131998 /* SimpleCalorie.xctestplan */ = {isa = PBXFileReference; lastKnownFileType = text; path = SimpleCalorie.xctestplan; sourceTree = "<group>"; };
/* End PBXFileReference section */

/* Begin PBXFileSystemSynchronizedRootGroup section */
		975D9F372EC402C200F14220 /* SimpleCalorie */ = {
			isa = PBXFileSystemSynchronizedRootGroup;
			path = SimpleCalorie;
			sourceTree = "<group>";
		};
		975D9F472EC402C300F14220 /* SimpleCalorieTests */ = {
			isa = PBXFileSystemSynchronizedRootGroup;
			path = SimpleCalorieTests;
			sourceTree = "<group>";
		};
		975D9F512EC402C300F14220 /* SimpleCalorieUITests */ = {
			isa = PBXFileSystemSynchronizedRootGroup;
			path = SimpleCalorieUITests;
			sourceTree = "<group>";
		};
/* End PBXFileSystemSynchronizedRootGroup section */

/* Begin PBXFrameworksBuildPhase section */
		975D9F322EC402C200F14220 /* Frameworks */ = {
			isa = PBXFrameworksBuildPhase;
			buildActionMask = 2147483647;
			files = (
			);
			runOnlyForDeploymentPostprocessing = 0;
		};
		975D9F412EC402C300F14220 /* Frameworks */ = {
			isa = PBXFrameworksBuildPhase;
			buildActionMask = 2147483647;
			files = (
			);
			runOnlyForDeploymentPostprocessing = 0;
		};
		975D9F4B2EC402C300F14220 /* Frameworks */ = {
			isa = PBXFrameworksBuildPhase;
			buildActionMask = 2147483647;
			files = (
			);
			runOnlyForDeploymentPostprocessing = 0;
		};
/* End PBXFrameworksBuildPhase section */

/* Begin PBXGroup section */
		975D9F2C2EC402C200F14220 = {
			isa = PBXGroup;
			children = (
				97A6B8E02ED0D30800131998 /* SimpleCalorie.xctestplan */,
				975D9F372EC402C200F14220 /* SimpleCalorie */,
				975D9F472EC402C300F14220 /* SimpleCalorieTests */,
				975D9F512EC402C300F14220 /* SimpleCalorieUITests */,
				975D9F362EC402C200F14220 /* Products */,
			);
			sourceTree = "<group>";
		};
		975D9F362EC402C200F14220 /* Products */ = {
			isa = PBXGroup;
			children = (
				975D9F352EC402C200F14220 /* SimpleCalorie.app */,
				975D9F442EC402C300F14220 /* SimpleCalorieTests.xctest */,
				975D9F4E2EC402C300F14220 /* SimpleCalorieUITests.xctest */,
			);
			name = Products;
			sourceTree = "<group>";
		};
/* End PBXGroup section */

/* Begin PBXNativeTarget section */
		975D9F342EC402C200F14220 /* SimpleCalorie */ = {
			isa = PBXNativeTarget;
			buildConfigurationList = 975D9F582EC402C300F14220 /* Build configuration list for PBXNativeTarget "SimpleCalorie" */;
			buildPhases = (
				975D9F312EC402C200F14220 /* Sources */,
				975D9F322EC402C200F14220 /* Frameworks */,
				975D9F332EC402C200F14220 /* Resources */,
			);
			buildRules = (
			);
			dependencies = (
			);
			fileSystemSynchronizedGroups = (
				975D9F372EC402C200F14220 /* SimpleCalorie */,
			);
			name = SimpleCalorie;
			packageProductDependencies = (
			);
			productName = SimpleCalorie;
			productReference = 975D9F352EC402C200F14220 /* SimpleCalorie.app */;
			productType = "com.apple.product-type.application";
		};
		975D9F432EC402C300F14220 /* SimpleCalorieTests */ = {
			isa = PBXNativeTarget;
			buildConfigurationList = 975D9F5B2EC402C300F14220 /* Build configuration list for PBXNativeTarget "SimpleCalorieTests" */;
			buildPhases = (
				975D9F402EC402C300F14220 /* Sources */,
				975D9F412EC402C300F14220 /* Frameworks */,
				975D9F422EC402C300F14220 /* Resources */,
			);
			buildRules = (
			);
			dependencies = (
				975D9F462EC402C300F14220 /* PBXTargetDependency */,
			);
			fileSystemSynchronizedGroups = (
				975D9F472EC402C300F14220 /* SimpleCalorieTests */,
			);
			name = SimpleCalorieTests;
			packageProductDependencies = (
			);
			productName = SimpleCalorieTests;
			productReference = 975D9F442EC402C300F14220 /* SimpleCalorieTests.xctest */;
			productType = "com.apple.product-type.bundle.unit-test";
		};
		975D9F4D2EC402C300F14220 /* SimpleCalorieUITests */ = {
			isa = PBXNativeTarget;
			buildConfigurationList = 975D9F5E2EC402C300F14220 /* Build configuration list for PBXNativeTarget "SimpleCalorieUITests" */;
			buildPhases = (
				975D9F4A2EC402C300F14220 /* Sources */,
				975D9F4B2EC402C300F14220 /* Frameworks */,
				975D9F4C2EC402C300F14220 /* Resources */,
			);
			buildRules = (
			);
			dependencies = (
				975D9F502EC402C300F14220 /* PBXTargetDependency */,
			);
			fileSystemSynchronizedGroups = (
				975D9F512EC402C300F14220 /* SimpleCalorieUITests */,
			);
			name = SimpleCalorieUITests;
			packageProductDependencies = (
			);
			productName = SimpleCalorieUITests;
			productReference = 975D9F4E2EC402C300F14220 /* SimpleCalorieUITests.xctest */;
			productType = "com.apple.product-type.bundle.ui-testing";
		};
/* End PBXNativeTarget section */

/* Begin PBXProject section */
		975D9F2D2EC402C200F14220 /* Project object */ = {
			isa = PBXProject;
			attributes = {
				BuildIndependentTargetsInParallel = 1;
				LastSwiftUpdateCheck = 1640;
				LastUpgradeCheck = 1640;
				TargetAttributes = {
					975D9F342EC402C200F14220 = {
						CreatedOnToolsVersion = 16.4;
					};
					975D9F432EC402C300F14220 = {
						CreatedOnToolsVersion = 16.4;
						TestTargetID = 975D9F342EC402C200F14220;
					};
					975D9F4D2EC402C300F14220 = {
						CreatedOnToolsVersion = 16.4;
						TestTargetID = 975D9F342EC402C200F14220;
					};
				};
			};
			buildConfigurationList = 975D9F302EC402C200F14220 /* Build configuration list for PBXProject "SimpleCalorie" */;
			developmentRegion = en;
			hasScannedForEncodings = 0;
			knownRegions = (
				en,
				Base,
			);
			mainGroup = 975D9F2C2EC402C200F14220;
			minimizedProjectReferenceProxies = 1;
			preferredProjectObjectVersion = 77;
			productRefGroup = 975D9F362EC402C200F14220 /* Products */;
			projectDirPath = "";
			projectRoot = "";
			targets = (
				975D9F342EC402C200F14220 /* SimpleCalorie */,
				975D9F432EC402C300F14220 /* SimpleCalorieTests */,
				975D9F4D2EC402C300F14220 /* SimpleCalorieUITests */,
			);
		};
/* End PBXProject section */

/* Begin PBXResourcesBuildPhase section */
		975D9F332EC402C200F14220 /* Resources */ = {
			isa = PBXResourcesBuildPhase;
			buildActionMask = 2147483647;
			files = (
			);
			runOnlyForDeploymentPostprocessing = 0;
		};
		975D9F422EC402C300F14220 /* Resources */ = {
			isa = PBXResourcesBuildPhase;
			buildActionMask = 2147483647;
			files = (
			);
			runOnlyForDeploymentPostprocessing = 0;
		};
		975D9F4C2EC402C300F14220 /* Resources */ = {
			isa = PBXResourcesBuildPhase;
			buildActionMask = 2147483647;
			files = (
			);
			runOnlyForDeploymentPostprocessing = 0;
		};
/* End PBXResourcesBuildPhase section */

/* Begin PBXSourcesBuildPhase section */
		975D9F312EC402C200F14220 /* Sources */ = {
			isa = PBXSourcesBuildPhase;
			buildActionMask = 2147483647;
			files = (
			);
			runOnlyForDeploymentPostprocessing = 0;
		};
		975D9F402EC402C300F14220 /* Sources */ = {
			isa = PBXSourcesBuildPhase;
			buildActionMask = 2147483647;
			files = (
			);
			runOnlyForDeploymentPostprocessing = 0;
		};
		975D9F4A2EC402C300F14220 /* Sources */ = {
			isa = PBXSourcesBuildPhase;
			buildActionMask = 2147483647;
			files = (
			);
			runOnlyForDeploymentPostprocessing = 0;
		};
/* End PBXSourcesBuildPhase section */

/* Begin PBXTargetDependency section */
		975D9F462EC402C300F14220 /* PBXTargetDependency */ = {
			isa = PBXTargetDependency;
			target = 975D9F342EC402C200F14220 /* SimpleCalorie */;
			targetProxy = 975D9F452EC402C300F14220 /* PBXContainerItemProxy */;
		};
		975D9F502EC402C300F14220 /* PBXTargetDependency */ = {
			isa = PBXTargetDependency;
			target = 975D9F342EC402C200F14220 /* SimpleCalorie */;
			targetProxy = 975D9F4F2EC402C300F14220 /* PBXContainerItemProxy */;
		};
/* End PBXTargetDependency section */

/* Begin XCBuildConfiguration section */
		975D9F562EC402C300F14220 /* Debug */ = {
			isa = XCBuildConfiguration;
			buildSettings = {
				ALWAYS_SEARCH_USER_PATHS = NO;
				ASSETCATALOG_COMPILER_GENERATE_SWIFT_ASSET_SYMBOL_EXTENSIONS = YES;
				CLANG_ANALYZER_NONNULL = YES;
				CLANG_ANALYZER_NUMBER_OBJECT_CONVERSION = YES_AGGRESSIVE;
				CLANG_CXX_LANGUAGE_STANDARD = "gnu++20";
				CLANG_ENABLE_MODULES = YES;
				CLANG_ENABLE_OBJC_ARC = YES;
				CLANG_ENABLE_OBJC_WEAK = YES;
				CLANG_WARN_BLOCK_CAPTURE_AUTORELEASING = YES;
				CLANG_WARN_BOOL_CONVERSION = YES;
				CLANG_WARN_COMMA = YES;
				CLANG_WARN_CONSTANT_CONVERSION = YES;
				CLANG_WARN_DEPRECATED_OBJC_IMPLEMENTATIONS = YES;
				CLANG_WARN_DIRECT_OBJC_ISA_USAGE = YES_ERROR;
				CLANG_WARN_DOCUMENTATION_COMMENTS = YES;
				CLANG_WARN_EMPTY_BODY = YES;
				CLANG_WARN_ENUM_CONVERSION = YES;
				CLANG_WARN_INFINITE_RECURSION = YES;
				CLANG_WARN_INT_CONVERSION = YES;
				CLANG_WARN_NON_LITERAL_NULL_CONVERSION = YES;
				CLANG_WARN_OBJC_IMPLICIT_RETAIN_SELF = YES;
				CLANG_WARN_OBJC_LITERAL_CONVERSION = YES;
				CLANG_WARN_OBJC_ROOT_CLASS = YES_ERROR;
				CLANG_WARN_QUOTED_INCLUDE_IN_FRAMEWORK_HEADER = YES;
				CLANG_WARN_RANGE_LOOP_ANALYSIS = YES;
				CLANG_WARN_STRICT_PROTOTYPES = YES;
				CLANG_WARN_SUSPICIOUS_MOVE = YES;
				CLANG_WARN_UNGUARDED_AVAILABILITY = YES_AGGRESSIVE;
				CLANG_WARN_UNREACHABLE_CODE = YES;
				CLANG_WARN__DUPLICATE_METHOD_MATCH = YES;
				COPY_PHASE_STRIP = NO;
				DEBUG_INFORMATION_FORMAT = dwarf;
				DEVELOPMENT_TEAM = Z3XKB6X4D9;
				ENABLE_STRICT_OBJC_MSGSEND = YES;
				ENABLE_TESTABILITY = YES;
				ENABLE_USER_SCRIPT_SANDBOXING = YES;
				GCC_C_LANGUAGE_STANDARD = gnu17;
				GCC_DYNAMIC_NO_PIC = NO;
				GCC_NO_COMMON_BLOCKS = YES;
				GCC_OPTIMIZATION_LEVEL = 0;
				GCC_PREPROCESSOR_DEFINITIONS = (
					"DEBUG=1",
					"$(inherited)",
				);
				GCC_WARN_64_TO_32_BIT_CONVERSION = YES;
				GCC_WARN_ABOUT_RETURN_TYPE = YES_ERROR;
				GCC_WARN_UNDECLARED_SELECTOR = YES;
				GCC_WARN_UNINITIALIZED_AUTOS = YES_AGGRESSIVE;
				GCC_WARN_UNUSED_FUNCTION = YES;
				GCC_WARN_UNUSED_VARIABLE = YES;
				IPHONEOS_DEPLOYMENT_TARGET = 18.5;
				LOCALIZATION_PREFERS_STRING_CATALOGS = YES;
				MTL_ENABLE_DEBUG_INFO = INCLUDE_SOURCE;
				MTL_FAST_MATH = YES;
				ONLY_ACTIVE_ARCH = YES;
				SDKROOT = iphoneos;
				SWIFT_ACTIVE_COMPILATION_CONDITIONS = "DEBUG $(inherited)";
				SWIFT_OPTIMIZATION_LEVEL = "-Onone";
			};
			name = Debug;
		};
		975D9F572EC402C300F14220 /* Release */ = {
			isa = XCBuildConfiguration;
			buildSettings = {
				ALWAYS_SEARCH_USER_PATHS = NO;
				ASSETCATALOG_COMPILER_GENERATE_SWIFT_ASSET_SYMBOL_EXTENSIONS = YES;
				CLANG_ANALYZER_NONNULL = YES;
				CLANG_ANALYZER_NUMBER_OBJECT_CONVERSION = YES_AGGRESSIVE;
				CLANG_CXX_LANGUAGE_STANDARD = "gnu++20";
				CLANG_ENABLE_MODULES = YES;
				CLANG_ENABLE_OBJC_ARC = YES;
				CLANG_ENABLE_OBJC_WEAK = YES;
				CLANG_WARN_BLOCK_CAPTURE_AUTORELEASING = YES;
				CLANG_WARN_BOOL_CONVERSION = YES;
				CLANG_WARN_COMMA = YES;
				CLANG_WARN_CONSTANT_CONVERSION = YES;
				CLANG_WARN_DEPRECATED_OBJC_IMPLEMENTATIONS = YES;
				CLANG_WARN_DIRECT_OBJC_ISA_USAGE = YES_ERROR;
				CLANG_WARN_DOCUMENTATION_COMMENTS = YES;
				CLANG_WARN_EMPTY_BODY = YES;
				CLANG_WARN_ENUM_CONVERSION = YES;
				CLANG_WARN_INFINITE_RECURSION = YES;
				CLANG_WARN_INT_CONVERSION = YES;
				CLANG_WARN_NON_LITERAL_NULL_CONVERSION = YES;
				CLANG_WARN_OBJC_IMPLICIT_RETAIN_SELF = YES;
				CLANG_WARN_OBJC_LITERAL_CONVERSION = YES;
				CLANG_WARN_OBJC_ROOT_CLASS = YES_ERROR;
				CLANG_WARN_QUOTED_INCLUDE_IN_FRAMEWORK_HEADER = YES;
				CLANG_WARN_RANGE_LOOP_ANALYSIS = YES;
				CLANG_WARN_STRICT_PROTOTYPES = YES;
				CLANG_WARN_SUSPICIOUS_MOVE = YES;
				CLANG_WARN_UNGUARDED_AVAILABILITY = YES_AGGRESSIVE;
				CLANG_WARN_UNREACHABLE_CODE = YES;
				CLANG_WARN__DUPLICATE_METHOD_MATCH = YES;
				COPY_PHASE_STRIP = NO;
				DEBUG_INFORMATION_FORMAT = "dwarf-with-dsym";
				DEVELOPMENT_TEAM = Z3XKB6X4D9;
				ENABLE_NS_ASSERTIONS = NO;
				ENABLE_STRICT_OBJC_MSGSEND = YES;
				ENABLE_USER_SCRIPT_SANDBOXING = YES;
				GCC_C_LANGUAGE_STANDARD = gnu17;
				GCC_NO_COMMON_BLOCKS = YES;
				GCC_WARN_64_TO_32_BIT_CONVERSION = YES;
				GCC_WARN_ABOUT_RETURN_TYPE = YES_ERROR;
				GCC_WARN_UNDECLARED_SELECTOR = YES;
				GCC_WARN_UNINITIALIZED_AUTOS = YES_AGGRESSIVE;
				GCC_WARN_UNUSED_FUNCTION = YES;
				GCC_WARN_UNUSED_VARIABLE = YES;
				IPHONEOS_DEPLOYMENT_TARGET = 18.5;
				LOCALIZATION_PREFERS_STRING_CATALOGS = YES;
				MTL_ENABLE_DEBUG_INFO = NO;
				MTL_FAST_MATH = YES;
				SDKROOT = iphoneos;
				SWIFT_COMPILATION_MODE = wholemodule;
				VALIDATE_PRODUCT = YES;
			};
			name = Release;
		};
		975D9F592EC402C300F14220 /* Debug */ = {
			isa = XCBuildConfiguration;
			buildSettings = {
				ASSETCATALOG_COMPILER_APPICON_NAME = AppIcon;
				ASSETCATALOG_COMPILER_GLOBAL_ACCENT_COLOR_NAME = AccentColor;
				CODE_SIGN_STYLE = Automatic;
				CURRENT_PROJECT_VERSION = 1;
				DEVELOPMENT_TEAM = Z3XKB6X4D9;
				ENABLE_PREVIEWS = YES;
				GENERATE_INFOPLIST_FILE = YES;
				INFOPLIST_KEY_UIApplicationSceneManifest_Generation = YES;
				INFOPLIST_KEY_UIApplicationSupportsIndirectInputEvents = YES;
				INFOPLIST_KEY_UILaunchScreen_Generation = YES;
				INFOPLIST_KEY_UISupportedInterfaceOrientations_iPad = "UIInterfaceOrientationPortrait UIInterfaceOrientationPortraitUpsideDown UIInterfaceOrientationLandscapeLeft UIInterfaceOrientationLandscapeRight";
				INFOPLIST_KEY_UISupportedInterfaceOrientations_iPhone = "UIInterfaceOrientationPortrait UIInterfaceOrientationLandscapeLeft UIInterfaceOrientationLandscapeRight";
				LD_RUNPATH_SEARCH_PATHS = (
					"$(inherited)",
					"@executable_path/Frameworks",
				);
				MARKETING_VERSION = 1.0;
				PRODUCT_BUNDLE_IDENTIFIER = com.amitw.SimpleCalorie.dev;
				PRODUCT_NAME = "$(TARGET_NAME)";
				SWIFT_EMIT_LOC_STRINGS = YES;
				SWIFT_VERSION = 5.0;
				TARGETED_DEVICE_FAMILY = "1,2";
			};
			name = Debug;
		};
		975D9F5A2EC402C300F14220 /* Release */ = {
			isa = XCBuildConfiguration;
			buildSettings = {
				ASSETCATALOG_COMPILER_APPICON_NAME = AppIcon;
				ASSETCATALOG_COMPILER_GLOBAL_ACCENT_COLOR_NAME = AccentColor;
				CODE_SIGN_STYLE = Automatic;
				CURRENT_PROJECT_VERSION = 1;
				DEVELOPMENT_TEAM = Z3XKB6X4D9;
				ENABLE_PREVIEWS = YES;
				GENERATE_INFOPLIST_FILE = YES;
				INFOPLIST_KEY_UIApplicationSceneManifest_Generation = YES;
				INFOPLIST_KEY_UIApplicationSupportsIndirectInputEvents = YES;
				INFOPLIST_KEY_UILaunchScreen_Generation = YES;
				INFOPLIST_KEY_UISupportedInterfaceOrientations_iPad = "UIInterfaceOrientationPortrait UIInterfaceOrientationPortraitUpsideDown UIInterfaceOrientationLandscapeLeft UIInterfaceOrientationLandscapeRight";
				INFOPLIST_KEY_UISupportedInterfaceOrientations_iPhone = "UIInterfaceOrientationPortrait UIInterfaceOrientationLandscapeLeft UIInterfaceOrientationLandscapeRight";
				LD_RUNPATH_SEARCH_PATHS = (
					"$(inherited)",
					"@executable_path/Frameworks",
				);
				MARKETING_VERSION = 1.0;
				PRODUCT_BUNDLE_IDENTIFIER = com.amitw.SimpleCalorie;
				PRODUCT_NAME = "$(TARGET_NAME)";
				SWIFT_EMIT_LOC_STRINGS = YES;
				SWIFT_VERSION = 5.0;
				TARGETED_DEVICE_FAMILY = "1,2";
			};
			name = Release;
		};
		975D9F5C2EC402C300F14220 /* Debug */ = {
			isa = XCBuildConfiguration;
			buildSettings = {
				BUNDLE_LOADER = "$(TEST_HOST)";
				CODE_SIGN_STYLE = Automatic;
				CURRENT_PROJECT_VERSION = 1;
				DEVELOPMENT_TEAM = Z3XKB6X4D9;
				GENERATE_INFOPLIST_FILE = YES;
				IPHONEOS_DEPLOYMENT_TARGET = 18.5;
				MARKETING_VERSION = 1.0;
				PRODUCT_BUNDLE_IDENTIFIER = com.amitw.SimpleCalorieTests;
				PRODUCT_NAME = "$(TARGET_NAME)";
				SWIFT_EMIT_LOC_STRINGS = NO;
				SWIFT_VERSION = 5.0;
				TARGETED_DEVICE_FAMILY = "1,2";
				TEST_HOST = "$(BUILT_PRODUCTS_DIR)/SimpleCalorie.app/$(BUNDLE_EXECUTABLE_FOLDER_PATH)/SimpleCalorie";
			};
			name = Debug;
		};
		975D9F5D2EC402C300F14220 /* Release */ = {
			isa = XCBuildConfiguration;
			buildSettings = {
				BUNDLE_LOADER = "$(TEST_HOST)";
				CODE_SIGN_STYLE = Automatic;
				CURRENT_PROJECT_VERSION = 1;
				DEVELOPMENT_TEAM = Z3XKB6X4D9;
				GENERATE_INFOPLIST_FILE = YES;
				IPHONEOS_DEPLOYMENT_TARGET = 18.5;
				MARKETING_VERSION = 1.0;
				PRODUCT_BUNDLE_IDENTIFIER = com.amitw.SimpleCalorieTests;
				PRODUCT_NAME = "$(TARGET_NAME)";
				SWIFT_EMIT_LOC_STRINGS = NO;
				SWIFT_VERSION = 5.0;
				TARGETED_DEVICE_FAMILY = "1,2";
				TEST_HOST = "$(BUILT_PRODUCTS_DIR)/SimpleCalorie.app/$(BUNDLE_EXECUTABLE_FOLDER_PATH)/SimpleCalorie";
			};
			name = Release;
		};
		975D9F5F2EC402C300F14220 /* Debug */ = {
			isa = XCBuildConfiguration;
			buildSettings = {
				CODE_SIGN_STYLE = Automatic;
				CURRENT_PROJECT_VERSION = 1;
				DEVELOPMENT_TEAM = Z3XKB6X4D9;
				GENERATE_INFOPLIST_FILE = YES;
				MARKETING_VERSION = 1.0;
				PRODUCT_BUNDLE_IDENTIFIER = com.amitw.SimpleCalorieUITests;
				PRODUCT_NAME = "$(TARGET_NAME)";
				SWIFT_EMIT_LOC_STRINGS = NO;
				SWIFT_VERSION = 5.0;
				TARGETED_DEVICE_FAMILY = "1,2";
				TEST_TARGET_NAME = SimpleCalorie;
			};
			name = Debug;
		};
		975D9F602EC402C300F14220 /* Release */ = {
			isa = XCBuildConfiguration;
			buildSettings = {
				CODE_SIGN_STYLE = Automatic;
				CURRENT_PROJECT_VERSION = 1;
				DEVELOPMENT_TEAM = Z3XKB6X4D9;
				GENERATE_INFOPLIST_FILE = YES;
				MARKETING_VERSION = 1.0;
				PRODUCT_BUNDLE_IDENTIFIER = com.amitw.SimpleCalorieUITests;
				PRODUCT_NAME = "$(TARGET_NAME)";
				SWIFT_EMIT_LOC_STRINGS = NO;
				SWIFT_VERSION = 5.0;
				TARGETED_DEVICE_FAMILY = "1,2";
				TEST_TARGET_NAME = SimpleCalorie;
			};
			name = Release;
		};
/* End XCBuildConfiguration section */

/* Begin XCConfigurationList section */
		975D9F302EC402C200F14220 /* Build configuration list for PBXProject "SimpleCalorie" */ = {
			isa = XCConfigurationList;
			buildConfigurations = (
				975D9F562EC402C300F14220 /* Debug */,
				975D9F572EC402C300F14220 /* Release */,
			);
			defaultConfigurationIsVisible = 0;
			defaultConfigurationName = Release;
		};
		975D9F582EC402C300F14220 /* Build configuration list for PBXNativeTarget "SimpleCalorie" */ = {
			isa = XCConfigurationList;
			buildConfigurations = (
				975D9F592EC402C300F14220 /* Debug */,
				975D9F5A2EC402C300F14220 /* Release */,
			);
			defaultConfigurationIsVisible = 0;
			defaultConfigurationName = Release;
		};
		975D9F5B2EC402C300F14220 /* Build configuration list for PBXNativeTarget "SimpleCalorieTests" */ = {
			isa = XCConfigurationList;
			buildConfigurations = (
				975D9F5C2EC402C300F14220 /* Debug */,
				975D9F5D2EC402C300F14220 /* Release */,
			);
			defaultConfigurationIsVisible = 0;
			defaultConfigurationName = Release;
		};
		975D9F5E2EC402C300F14220 /* Build configuration list for PBXNativeTarget "SimpleCalorieUITests" */ = {
			isa = XCConfigurationList;
			buildConfigurations = (
				975D9F5F2EC402C300F14220 /* Debug */,
				975D9F602EC402C300F14220 /* Release */,
			);
			defaultConfigurationIsVisible = 0;
			defaultConfigurationName = Release;
		};
/* End XCConfigurationList section */
	};
	rootObject = 975D9F2D2EC402C200F14220 /* Project object */;
}
